
Microsoft Visual Studio Solution File, Format Version 12.00
# Visual Studio Version 16
VisualStudioVersion = 16.0.28803.352
MinimumVisualStudioVersion = 10.0.40219.1
Project("{FAE04EC0-301F-11D3-BF4B-00C04F79EFBC}") = "DDD.Domain", "DDD.Domain\DDD.Domain.csproj", "{F9AA4F00-EDCF-4CC8-BE93-E98FE33399E0}"
EndProject
Project("{FAE04EC0-301F-11D3-BF4B-00C04F79EFBC}") = "DDD.Framework", "DDD.Framework\DDD.Framework.csproj", "{95C3DCAD-D067-458F-8B05-F1D8E47834C6}"
EndProject
Project("{FAE04EC0-301F-11D3-BF4B-00C04F79EFBC}") = "DDD.Client", "DDD.Client\DDD.Client.csproj", "{6CDDB72F-9574-4E5B-B209-C42BC57615DA}"
EndProject
Global
	GlobalSection(SolutionConfigurationPlatforms) = preSolution
		Debug|Any CPU = Debug|Any CPU
		Release|Any CPU = Release|Any CPU
	EndGlobalSection
	GlobalSection(ProjectConfigurationPlatforms) = postSolution
		{F9AA4F00-EDCF-4CC8-BE93-E98FE33399E0}.Debug|Any CPU.ActiveCfg = Debug|Any CPU
		{F9AA4F00-EDCF-4CC8-BE93-E98FE33399E0}.Debug|Any CPU.Build.0 = Debug|Any CPU
		{F9AA4F00-EDCF-4CC8-BE93-E98FE33399E0}.Release|Any CPU.ActiveCfg = Release|Any CPU
		{F9AA4F00-EDCF-4CC8-BE93-E98FE33399E0}.Release|Any CPU.Build.0 = Release|Any CPU
		{95C3DCAD-D067-458F-8B05-F1D8E47834C6}.Debug|Any CPU.ActiveCfg = Debug|Any CPU
		{95C3DCAD-D067-458F-8B05-F1D8E47834C6}.Debug|Any CPU.Build.0 = Debug|Any CPU
		{95C3DCAD-D067-458F-8B05-F1D8E47834C6}.Release|Any CPU.ActiveCfg = Release|Any CPU
		{95C3DCAD-D067-458F-8B05-F1D8E47834C6}.Release|Any CPU.Build.0 = Release|Any CPU
		{6CDDB72F-9574-4E5B-B209-C42BC57615DA}.Debug|Any CPU.ActiveCfg = Debug|Any CPU
		{6CDDB72F-9574-4E5B-B209-C42BC57615DA}.Debug|Any CPU.Build.0 = Debug|Any CPU
		{6CDDB72F-9574-4E5B-B209-C42BC57615DA}.Release|Any CPU.ActiveCfg = Release|Any CPU
		{6CDDB72F-9574-4E5B-B209-C42BC57615DA}.Release|Any CPU.Build.0 = Release|Any CPU
	EndGlobalSection
	GlobalSection(SolutionProperties) = preSolution
		HideSolutionNode = FALSE
	EndGlobalSection
	GlobalSection(ExtensibilityGlobals) = postSolution
		SolutionGuid = {91AA7692-F65B-4822-8D98-F504F1DA5C08}
	EndGlobalSection
EndGlobal
